// !$*UTF8*$!
{
	archiveVersion = 1;
	classes = {
	};
	objectVersion = 48;
	objects = {

/* Begin PBXBuildFile section */
		C417DEE7207DD24000DCD4D1 /* AppDelegate.swift in Sources */ = {isa = PBXBuildFile; fileRef = C417DEE6207DD24000DCD4D1 /* AppDelegate.swift */; };
		C417DEEC207DD24000DCD4D1 /* Main.storyboard in Resources */ = {isa = PBXBuildFile; fileRef = C417DEEA207DD24000DCD4D1 /* Main.storyboard */; };
		C417DEEF207DD24000DCD4D1 /* MyNotes.xcdatamodeld in Sources */ = {isa = PBXBuildFile; fileRef = C417DEED207DD24000DCD4D1 /* MyNotes.xcdatamodeld */; };
		C417DEF1207DD24000DCD4D1 /* Assets.xcassets in Resources */ = {isa = PBXBuildFile; fileRef = C417DEF0207DD24000DCD4D1 /* Assets.xcassets */; };
		C417DEF4207DD24000DCD4D1 /* LaunchScreen.storyboard in Resources */ = {isa = PBXBuildFile; fileRef = C417DEF2207DD24000DCD4D1 /* LaunchScreen.storyboard */; };
		C417DEFC207DD2D000DCD4D1 /* NotesListTableViewController.swift in Sources */ = {isa = PBXBuildFile; fileRef = C417DEFB207DD2D000DCD4D1 /* NotesListTableViewController.swift */; };
		C417DEFE207DDB3700DCD4D1 /* NotesListTableViewCell.swift in Sources */ = {isa = PBXBuildFile; fileRef = C417DEFD207DDB3700DCD4D1 /* NotesListTableViewCell.swift */; };
		C417DF00207DE76600DCD4D1 /* NotesEditorViewController.swift in Sources */ = {isa = PBXBuildFile; fileRef = C417DEFF207DE76600DCD4D1 /* NotesEditorViewController.swift */; };
/* End PBXBuildFile section */

/* Begin PBXFileReference section */
		C417DEE3207DD24000DCD4D1 /* MyNotes.app */ = {isa = PBXFileReference; explicitFileType = wrapper.application; includeInIndex = 0; path = MyNotes.app; sourceTree = BUILT_PRODUCTS_DIR; };
		C417DEE6207DD24000DCD4D1 /* AppDelegate.swift */ = {isa = PBXFileReference; lastKnownFileType = sourcecode.swift; path = AppDelegate.swift; sourceTree = "<group>"; };
		C417DEEB207DD24000DCD4D1 /* Base */ = {isa = PBXFileReference; lastKnownFileType = file.storyboard; name = Base; path = Base.lproj/Main.storyboard; sourceTree = "<group>"; };
		C417DEEE207DD24000DCD4D1 /* MyNotes.xcdatamodel */ = {isa = PBXFileReference; lastKnownFileType = wrapper.xcdatamodel; path = MyNotes.xcdatamodel; sourceTree = "<group>"; };
		C417DEF0207DD24000DCD4D1 /* Assets.xcassets */ = {isa = PBXFileReference; lastKnownFileType = folder.assetcatalog; path = Assets.xcassets; sourceTree = "<group>"; };
		C417DEF3207DD24000DCD4D1 /* Base */ = {isa = PBXFileReference; lastKnownFileType = file.storyboard; name = Base; path = Base.lproj/LaunchScreen.storyboard; sourceTree = "<group>"; };
		C417DEF5207DD24000DCD4D1 /* Info.plist */ = {isa = PBXFileReference; lastKnownFileType = text.plist.xml; path = Info.plist; sourceTree = "<group>"; };
		C417DEFB207DD2D000DCD4D1 /* NotesListTableViewController.swift */ = {isa = PBXFileReference; lastKnownFileType = sourcecode.swift; path = NotesListTableViewController.swift; sourceTree = "<group>"; };
		C417DEFD207DDB3700DCD4D1 /* NotesListTableViewCell.swift */ = {isa = PBXFileReference; lastKnownFileType = sourcecode.swift; path = NotesListTableViewCell.swift; sourceTree = "<group>"; };
		C417DEFF207DE76600DCD4D1 /* NotesEditorViewController.swift */ = {isa = PBXFileReference; lastKnownFileType = sourcecode.swift; path = NotesEditorViewController.swift; sourceTree = "<group>"; };
/* End PBXFileReference section */

/* Begin PBXFrameworksBuildPhase section */
		C417DEE0207DD24000DCD4D1 /* Frameworks */ = {
			isa = PBXFrameworksBuildPhase;
			buildActionMask = 2147483647;
			files = (
			);
			runOnlyForDeploymentPostprocessing = 0;
		};
/* End PBXFrameworksBuildPhase section */

/* Begin PBXGroup section */
		C417DEDA207DD24000DCD4D1 = {
			isa = PBXGroup;
			children = (
				C417DEE5207DD24000DCD4D1 /* MyNotes */,
				C417DEE4207DD24000DCD4D1 /* Products */,
			);
			sourceTree = "<group>";
		};
		C417DEE4207DD24000DCD4D1 /* Products */ = {
			isa = PBXGroup;
			children = (
				C417DEE3207DD24000DCD4D1 /* MyNotes.app */,
			);
			name = Products;
			sourceTree = "<group>";
		};
		C417DEE5207DD24000DCD4D1 /* MyNotes */ = {
			isa = PBXGroup;
			children = (
				C417DEE6207DD24000DCD4D1 /* AppDelegate.swift */,
				C417DEFB207DD2D000DCD4D1 /* NotesListTableViewController.swift */,
				C417DEFD207DDB3700DCD4D1 /* NotesListTableViewCell.swift */,
				C417DEFF207DE76600DCD4D1 /* NotesEditorViewController.swift */,
				C417DEEA207DD24000DCD4D1 /* Main.storyboard */,
				C417DEF0207DD24000DCD4D1 /* Assets.xcassets */,
				C417DEF2207DD24000DCD4D1 /* LaunchScreen.storyboard */,
				C417DEF5207DD24000DCD4D1 /* Info.plist */,
				C417DEED207DD24000DCD4D1 /* MyNotes.xcdatamodeld */,
			);
			path = MyNotes;
			sourceTree = "<group>";
		};
/* End PBXGroup section */

/* Begin PBXNativeTarget section */
		C417DEE2207DD24000DCD4D1 /* MyNotes */ = {
			isa = PBXNativeTarget;
			buildConfigurationList = C417DEF8207DD24000DCD4D1 /* Build configuration list for PBXNativeTarget "MyNotes" */;
			buildPhases = (
				C417DEDF207DD24000DCD4D1 /* Sources */,
				C417DEE0207DD24000DCD4D1 /* Frameworks */,
				C417DEE1207DD24000DCD4D1 /* Resources */,
			);
			buildRules = (
			);
			dependencies = (
			);
			name = MyNotes;
			productName = MyNotes;
			productReference = C417DEE3207DD24000DCD4D1 /* MyNotes.app */;
			productType = "com.apple.product-type.application";
		};
/* End PBXNativeTarget section */

/* Begin PBXProject section */
		C417DEDB207DD24000DCD4D1 /* Project object */ = {
			isa = PBXProject;
			attributes = {
				LastSwiftUpdateCheck = 0910;
				LastUpgradeCheck = 0910;
				ORGANIZATIONNAME = Quickeans;
				TargetAttributes = {
					C417DEE2207DD24000DCD4D1 = {
						CreatedOnToolsVersion = 9.1;
						ProvisioningStyle = Manual;
					};
				};
			};
			buildConfigurationList = C417DEDE207DD24000DCD4D1 /* Build configuration list for PBXProject "MyNotes" */;
			compatibilityVersion = "Xcode 8.0";
			developmentRegion = en;
			hasScannedForEncodings = 0;
			knownRegions = (
				en,
				Base,
			);
			mainGroup = C417DEDA207DD24000DCD4D1;
			productRefGroup = C417DEE4207DD24000DCD4D1 /* Products */;
			projectDirPath = "";
			projectRoot = "";
			targets = (
				C417DEE2207DD24000DCD4D1 /* MyNotes */,
			);
		};
/* End PBXProject section */

/* Begin PBXResourcesBuildPhase section */
		C417DEE1207DD24000DCD4D1 /* Resources */ = {
			isa = PBXResourcesBuildPhase;
			buildActionMask = 2147483647;
			files = (
				C417DEF4207DD24000DCD4D1 /* LaunchScreen.storyboard in Resources */,
				C417DEF1207DD24000DCD4D1 /* Assets.xcassets in Resources */,
				C417DEEC207DD24000DCD4D1 /* Main.storyboard in Resources */,
			);
			runOnlyForDeploymentPostprocessing = 0;
		};
/* End PBXResourcesBuildPhase section */

/* Begin PBXSourcesBuildPhase section */
		C417DEDF207DD24000DCD4D1 /* Sources */ = {
			isa = PBXSourcesBuildPhase;
			buildActionMask = 2147483647;
			files = (
				C417DEE7207DD24000DCD4D1 /* AppDelegate.swift in Sources */,
				C417DEFC207DD2D000DCD4D1 /* NotesListTableViewController.swift in Sources */,
				C417DEEF207DD24000DCD4D1 /* MyNotes.xcdatamodeld in Sources */,
				C417DF00207DE76600DCD4D1 /* NotesEditorViewController.swift in Sources */,
				C417DEFE207DDB3700DCD4D1 /* NotesListTableViewCell.swift in Sources */,
			);
			runOnlyForDeploymentPostprocessing = 0;
		};
/* End PBXSourcesBuildPhase section */

/* Begin PBXVariantGroup section */
		C417DEEA207DD24000DCD4D1 /* Main.storyboard */ = {
			isa = PBXVariantGroup;
			children = (
				C417DEEB207DD24000DCD4D1 /* Base */,
			);
			name = Main.storyboard;
			sourceTree = "<group>";
		};
		C417DEF2207DD24000DCD4D1 /* LaunchScreen.storyboard */ = {
			isa = PBXVariantGroup;
			children = (
				C417DEF3207DD24000DCD4D1 /* Base */,
			);
			name = LaunchScreen.storyboard;
			sourceTree = "<group>";
		};
/* End PBXVariantGroup section */

/* Begin XCBuildConfiguration section */
		C417DEF6207DD24000DCD4D1 /* Debug */ = {
			isa = XCBuildConfiguration;
			buildSettings = {
				ALWAYS_SEARCH_USER_PATHS = NO;
				CLANG_ANALYZER_NONNULL = YES;
				CLANG_ANALYZER_NUMBER_OBJECT_CONVERSION = YES_AGGRESSIVE;
				CLANG_CXX_LANGUAGE_STANDARD = "gnu++14";
				CLANG_CXX_LIBRARY = "libc++";
				CLANG_ENABLE_MODULES = YES;
				CLANG_ENABLE_OBJC_ARC = YES;
				CLANG_WARN_BLOCK_CAPTURE_AUTORELEASING = YES;
				CLANG_WARN_BOOL_CONVERSION = YES;
				CLANG_WARN_COMMA = YES;
				CLANG_WARN_CONSTANT_CONVERSION = YES;
				CLANG_WARN_DIRECT_OBJC_ISA_USAGE = YES_ERROR;
				CLANG_WARN_DOCUMENTATION_COMMENTS = YES;
				CLANG_WARN_EMPTY_BODY = YES;
				CLANG_WARN_ENUM_CONVERSION = YES;
				CLANG_WARN_INFINITE_RECURSION = YES;
				CLANG_WARN_INT_CONVERSION = YES;
				CLANG_WARN_NON_LITERAL_NULL_CONVERSION = YES;
				CLANG_WARN_OBJC_LITERAL_CONVERSION = YES;
				CLANG_WARN_OBJC_ROOT_CLASS = YES_ERROR;
				CLANG_WARN_RANGE_LOOP_ANALYSIS = YES;
				CLANG_WARN_STRICT_PROTOTYPES = YES;
				CLANG_WARN_SUSPICIOUS_MOVE = YES;
				CLANG_WARN_UNGUARDED_AVAILABILITY = YES_AGGRESSIVE;
				CLANG_WARN_UNREACHABLE_CODE = YES;
				CLANG_WARN__DUPLICATE_METHOD_MATCH = YES;
				CODE_SIGN_IDENTITY = "iPhone Developer";
				COPY_PHASE_STRIP = NO;
				DEBUG_INFORMATION_FORMAT = dwarf;
				ENABLE_STRICT_OBJC_MSGSEND = YES;
				ENABLE_TESTABILITY = YES;
				GCC_C_LANGUAGE_STANDARD = gnu11;
				GCC_DYNAMIC_NO_PIC = NO;
				GCC_NO_COMMON_BLOCKS = YES;
				GCC_OPTIMIZATION_LEVEL = 0;
				GCC_PREPROCESSOR_DEFINITIONS = (
					"DEBUG=1",
					"$(inherited)",
				);
				GCC_WARN_64_TO_32_BIT_CONVERSION = YES;
				GCC_WARN_ABOUT_RETURN_TYPE = YES_ERROR;
				GCC_WARN_UNDECLARED_SELECTOR = YES;
				GCC_WARN_UNINITIALIZED_AUTOS = YES_AGGRESSIVE;
				GCC_WARN_UNUSED_FUNCTION = YES;
				GCC_WARN_UNUSED_VARIABLE = YES;
				IPHONEOS_DEPLOYMENT_TARGET = 11.1;
				MTL_ENABLE_DEBUG_INFO = YES;
				ONLY_ACTIVE_ARCH = YES;
				SDKROOT = iphoneos;
				SWIFT_ACTIVE_COMPILATION_CONDITIONS = DEBUG;
				SWIFT_OPTIMIZATION_LEVEL = "-Onone";
			};
			name = Debug;
		};
		C417DEF7207DD24000DCD4D1 /* Release */ = {
			isa = XCBuildConfiguration;
			buildSettings = {
				ALWAYS_SEARCH_USER_PATHS = NO;
				CLANG_ANALYZER_NONNULL = YES;
				CLANG_ANALYZER_NUMBER_OBJECT_CONVERSION = YES_AGGRESSIVE;
				CLANG_CXX_LANGUAGE_STANDARD = "gnu++14";
				CLANG_CXX_LIBRARY = "libc++";
				CLANG_ENABLE_MODULES = YES;
				CLANG_ENABLE_OBJC_ARC = YES;
				CLANG_WARN_BLOCK_CAPTURE_AUTORELEASING = YES;
				CLANG_WARN_BOOL_CONVERSION = YES;
				CLANG_WARN_COMMA = YES;
				CLANG_WARN_CONSTANT_CONVERSION = YES;
				CLANG_WARN_DIRECT_OBJC_ISA_USAGE = YES_ERROR;
				CLANG_WARN_DOCUMENTATION_COMMENTS = YES;
				CLANG_WARN_EMPTY_BODY = YES;
				CLANG_WARN_ENUM_CONVERSION = YES;
				CLANG_WARN_INFINITE_RECURSION = YES;
				CLANG_WARN_INT_CONVERSION = YES;
				CLANG_WARN_NON_LITERAL_NULL_CONVERSION = YES;
				CLANG_WARN_OBJC_LITERAL_CONVERSION = YES;
				CLANG_WARN_OBJC_ROOT_CLASS = YES_ERROR;
				CLANG_WARN_RANGE_LOOP_ANALYSIS = YES;
				CLANG_WARN_STRICT_PROTOTYPES = YES;
				CLANG_WARN_SUSPICIOUS_MOVE = YES;
				CLANG_WARN_UNGUARDED_AVAILABILITY = YES_AGGRESSIVE;
				CLANG_WARN_UNREACHABLE_CODE = YES;
				CLANG_WARN__DUPLICATE_METHOD_MATCH = YES;
				CODE_SIGN_IDENTITY = "iPhone Developer";
				COPY_PHASE_STRIP = NO;
				DEBUG_INFORMATION_FORMAT = "dwarf-with-dsym";
				ENABLE_NS_ASSERTIONS = NO;
				ENABLE_STRICT_OBJC_MSGSEND = YES;
				GCC_C_LANGUAGE_STANDARD = gnu11;
				GCC_NO_COMMON_BLOCKS = YES;
				GCC_WARN_64_TO_32_BIT_CONVERSION = YES;
				GCC_WARN_ABOUT_RETURN_TYPE = YES_ERROR;
				GCC_WARN_UNDECLARED_SELECTOR = YES;
				GCC_WARN_UNINITIALIZED_AUTOS = YES_AGGRESSIVE;
				GCC_WARN_UNUSED_FUNCTION = YES;
				GCC_WARN_UNUSED_VARIABLE = YES;
				IPHONEOS_DEPLOYMENT_TARGET = 11.1;
				MTL_ENABLE_DEBUG_INFO = NO;
				SDKROOT = iphoneos;
				SWIFT_OPTIMIZATION_LEVEL = "-Owholemodule";
				VALIDATE_PRODUCT = YES;
			};
			name = Release;
		};
		C417DEF9207DD24000DCD4D1 /* Debug */ = {
			isa = XCBuildConfiguration;
			buildSettings = {
				ASSETCATALOG_COMPILER_APPICON_NAME = AppIcon;
				CODE_SIGN_STYLE = Manual;
				DEVELOPMENT_TEAM = YTBG22XWR3;
				INFOPLIST_FILE = MyNotes/Info.plist;
				LD_RUNPATH_SEARCH_PATHS = "$(inherited) @executable_path/Frameworks";
				PRODUCT_BUNDLE_IDENTIFIER = com.qBitStream.TCQuiz;
				PRODUCT_NAME = "$(TARGET_NAME)";
				PROVISIONING_PROFILE = "22c50956-35c3-4bc6-b8ea-87b753aa6a41";
				PROVISIONING_PROFILE_SPECIFIER = TCQuizDevelopment;
				SWIFT_VERSION = 4.0;
				TARGETED_DEVICE_FAMILY = "1,2";
			};
			name = Debug;
		};
		C417DEFA207DD24000DCD4D1 /* Release */ = {
			isa = XCBuildConfiguration;
			buildSettings = {
				ASSETCATALOG_COMPILER_APPICON_NAME = AppIcon;
				"CODE_SIGN_IDENTITY[sdk=iphoneos*]" = "iPhone Distribution";
				CODE_SIGN_STYLE = Manual;
				DEVELOPMENT_TEAM = YTBG22XWR3;
				INFOPLIST_FILE = MyNotes/Info.plist;
				LD_RUNPATH_SEARCH_PATHS = "$(inherited) @executable_path/Frameworks";
				PRODUCT_BUNDLE_IDENTIFIER = com.qBitStream.TCQuiz;
				PRODUCT_NAME = "$(TARGET_NAME)";
				PROVISIONING_PROFILE = "9804d582-a312-45dc-a866-9f2403844f5a";
				PROVISIONING_PROFILE_SPECIFIER = TCQuizDistribution;
				SWIFT_VERSION = 4.0;
				TARGETED_DEVICE_FAMILY = "1,2";
			};
			name = Release;
		};
/* End XCBuildConfiguration section */

/* Begin XCConfigurationList section */
		C417DEDE207DD24000DCD4D1 /* Build configuration list for PBXProject "MyNotes" */ = {
			isa = XCConfigurationList;
			buildConfigurations = (
				C417DEF6207DD24000DCD4D1 /* Debug */,
				C417DEF7207DD24000DCD4D1 /* Release */,
			);
			defaultConfigurationIsVisible = 0;
			defaultConfigurationName = Release;
		};
		C417DEF8207DD24000DCD4D1 /* Build configuration list for PBXNativeTarget "MyNotes" */ = {
			isa = XCConfigurationList;
			buildConfigurations = (
				C417DEF9207DD24000DCD4D1 /* Debug */,
				C417DEFA207DD24000DCD4D1 /* Release */,
			);
			defaultConfigurationIsVisible = 0;
			defaultConfigurationName = Release;
		};
/* End XCConfigurationList section */

/* Begin XCVersionGroup section */
		C417DEED207DD24000DCD4D1 /* MyNotes.xcdatamodeld */ = {
			isa = XCVersionGroup;
			children = (
				C417DEEE207DD24000DCD4D1 /* MyNotes.xcdatamodel */,
			);
			currentVersion = C417DEEE207DD24000DCD4D1 /* MyNotes.xcdatamodel */;
			path = MyNotes.xcdatamodeld;
			sourceTree = "<group>";
			versionGroupType = wrapper.xcdatamodel;
		};
/* End XCVersionGroup section */
	};
	rootObject = C417DEDB207DD24000DCD4D1 /* Project object */;
}
